
Microsoft Visual Studio Solution File, Format Version 12.00
# Visual Studio Version 16
VisualStudioVersion = 16.0.30717.126
MinimumVisualStudioVersion = 10.0.40219.1
Project("{9A19103F-16F7-4668-BE54-9A1E7A4F7556}") = "BibliotecaWeb", "BibliotecaWeb\BibliotecaWeb.csproj", "{3F2B31CD-530F-4DAB-B7DD-84038770BAF2}"
EndProject
Project("{9A19103F-16F7-4668-BE54-9A1E7A4F7556}") = "Core", "Core\Core.csproj", "{95155B77-6291-40B5-81F7-4E0C5EBF9F3D}"
EndProject
Project("{9A19103F-16F7-4668-BE54-9A1E7A4F7556}") = "Service", "Service\Service.csproj", "{0A654A5B-5110-41D8-822A-D8F91BB19779}"
EndProject
Project("{9A19103F-16F7-4668-BE54-9A1E7A4F7556}") = "BibliotecaAPI", "BibliotecaAPI\BibliotecaAPI.csproj", "{092899D0-971B-4A01-AC66-41D69A42A23A}"
EndProject
Project("{FAE04EC0-301F-11D3-BF4B-00C04F79EFBC}") = "BibliotecaWebTests", "BibliotecaWebTests\BibliotecaWebTests.csproj", "{B8BBCB36-1262-45FB-BF98-89FB55EE2ABB}"
EndProject
Project("{FAE04EC0-301F-11D3-BF4B-00C04F79EFBC}") = "ServiceTests", "ServiceTests\ServiceTests.csproj", "{87233B61-8541-43F6-BAAB-7BE47C49356F}"
EndProject
Global
	GlobalSection(SolutionConfigurationPlatforms) = preSolution
		Debug|Any CPU = Debug|Any CPU
		Release|Any CPU = Release|Any CPU
	EndGlobalSection
	GlobalSection(ProjectConfigurationPlatforms) = postSolution
		{3F2B31CD-530F-4DAB-B7DD-84038770BAF2}.Debug|Any CPU.ActiveCfg = Debug|Any CPU
		{3F2B31CD-530F-4DAB-B7DD-84038770BAF2}.Debug|Any CPU.Build.0 = Debug|Any CPU
		{3F2B31CD-530F-4DAB-B7DD-84038770BAF2}.Release|Any CPU.ActiveCfg = Release|Any CPU
		{3F2B31CD-530F-4DAB-B7DD-84038770BAF2}.Release|Any CPU.Build.0 = Release|Any CPU
		{95155B77-6291-40B5-81F7-4E0C5EBF9F3D}.Debug|Any CPU.ActiveCfg = Debug|Any CPU
		{95155B77-6291-40B5-81F7-4E0C5EBF9F3D}.Debug|Any CPU.Build.0 = Debug|Any CPU
		{95155B77-6291-40B5-81F7-4E0C5EBF9F3D}.Release|Any CPU.ActiveCfg = Release|Any CPU
		{95155B77-6291-40B5-81F7-4E0C5EBF9F3D}.Release|Any CPU.Build.0 = Release|Any CPU
		{0A654A5B-5110-41D8-822A-D8F91BB19779}.Debug|Any CPU.ActiveCfg = Debug|Any CPU
		{0A654A5B-5110-41D8-822A-D8F91BB19779}.Debug|Any CPU.Build.0 = Debug|Any CPU
		{0A654A5B-5110-41D8-822A-D8F91BB19779}.Release|Any CPU.ActiveCfg = Release|Any CPU
		{0A654A5B-5110-41D8-822A-D8F91BB19779}.Release|Any CPU.Build.0 = Release|Any CPU
		{092899D0-971B-4A01-AC66-41D69A42A23A}.Debug|Any CPU.ActiveCfg = Debug|Any CPU
		{092899D0-971B-4A01-AC66-41D69A42A23A}.Debug|Any CPU.Build.0 = Debug|Any CPU
		{092899D0-971B-4A01-AC66-41D69A42A23A}.Release|Any CPU.ActiveCfg = Release|Any CPU
		{092899D0-971B-4A01-AC66-41D69A42A23A}.Release|Any CPU.Build.0 = Release|Any CPU
		{B8BBCB36-1262-45FB-BF98-89FB55EE2ABB}.Debug|Any CPU.ActiveCfg = Debug|Any CPU
		{B8BBCB36-1262-45FB-BF98-89FB55EE2ABB}.Debug|Any CPU.Build.0 = Debug|Any CPU
		{B8BBCB36-1262-45FB-BF98-89FB55EE2ABB}.Release|Any CPU.ActiveCfg = Release|Any CPU
		{B8BBCB36-1262-45FB-BF98-89FB55EE2ABB}.Release|Any CPU.Build.0 = Release|Any CPU
		{87233B61-8541-43F6-BAAB-7BE47C49356F}.Debug|Any CPU.ActiveCfg = Debug|Any CPU
		{87233B61-8541-43F6-BAAB-7BE47C49356F}.Debug|Any CPU.Build.0 = Debug|Any CPU
		{87233B61-8541-43F6-BAAB-7BE47C49356F}.Release|Any CPU.ActiveCfg = Release|Any CPU
		{87233B61-8541-43F6-BAAB-7BE47C49356F}.Release|Any CPU.Build.0 = Release|Any CPU
	EndGlobalSection
	GlobalSection(SolutionProperties) = preSolution
		HideSolutionNode = FALSE
	EndGlobalSection
	GlobalSection(ExtensibilityGlobals) = postSolution
		SolutionGuid = {BD767749-49EA-4790-A358-F10F130E1FF9}
	EndGlobalSection
EndGlobal
