
Microsoft Visual Studio Solution File, Format Version 12.00
# Visual Studio Version 16
VisualStudioVersion = 16.0.30717.126
MinimumVisualStudioVersion = 10.0.40219.1
Project("{FAE04EC0-301F-11D3-BF4B-00C04F79EFBC}") = "BibliotecaWeb", "BibliotecaWeb\BibliotecaWeb.csproj", "{3F2B31CD-530F-4DAB-B7DD-84038770BAF2}"
EndProject
Project("{FAE04EC0-301F-11D3-BF4B-00C04F79EFBC}") = "Core", "Core\Core.csproj", "{95155B77-6291-40B5-81F7-4E0C5EBF9F3D}"
EndProject
Project("{FAE04EC0-301F-11D3-BF4B-00C04F79EFBC}") = "Service", "Service\Service.csproj", "{0A654A5B-5110-41D8-822A-D8F91BB19779}"
EndProject
Global
	GlobalSection(SolutionConfigurationPlatforms) = preSolution
		Debug|Any CPU = Debug|Any CPU
		Release|Any CPU = Release|Any CPU
	EndGlobalSection
	GlobalSection(ProjectConfigurationPlatforms) = postSolution
		{3F2B31CD-530F-4DAB-B7DD-84038770BAF2}.Debug|Any CPU.ActiveCfg = Debug|Any CPU
		{3F2B31CD-530F-4DAB-B7DD-84038770BAF2}.Debug|Any CPU.Build.0 = Debug|Any CPU
		{3F2B31CD-530F-4DAB-B7DD-84038770BAF2}.Release|Any CPU.ActiveCfg = Release|Any CPU
		{3F2B31CD-530F-4DAB-B7DD-84038770BAF2}.Release|Any CPU.Build.0 = Release|Any CPU
		{95155B77-6291-40B5-81F7-4E0C5EBF9F3D}.Debug|Any CPU.ActiveCfg = Debug|Any CPU
		{95155B77-6291-40B5-81F7-4E0C5EBF9F3D}.Debug|Any CPU.Build.0 = Debug|Any CPU
		{95155B77-6291-40B5-81F7-4E0C5EBF9F3D}.Release|Any CPU.ActiveCfg = Release|Any CPU
		{95155B77-6291-40B5-81F7-4E0C5EBF9F3D}.Release|Any CPU.Build.0 = Release|Any CPU
		{0A654A5B-5110-41D8-822A-D8F91BB19779}.Debug|Any CPU.ActiveCfg = Debug|Any CPU
		{0A654A5B-5110-41D8-822A-D8F91BB19779}.Debug|Any CPU.Build.0 = Debug|Any CPU
		{0A654A5B-5110-41D8-822A-D8F91BB19779}.Release|Any CPU.ActiveCfg = Release|Any CPU
		{0A654A5B-5110-41D8-822A-D8F91BB19779}.Release|Any CPU.Build.0 = Release|Any CPU
	EndGlobalSection
	GlobalSection(SolutionProperties) = preSolution
		HideSolutionNode = FALSE
	EndGlobalSection
	GlobalSection(ExtensibilityGlobals) = postSolution
		SolutionGuid = {BD767749-49EA-4790-A358-F10F130E1FF9}
	EndGlobalSection
EndGlobal
